
Microsoft Visual Studio Solution File, Format Version 12.00
# Visual Studio 15
VisualStudioVersion = 15.0.28307.902
MinimumVisualStudioVersion = 10.0.40219.1
Project("{FAE04EC0-301F-11D3-BF4B-00C04F79EFBC}") = "YYSF.QJL.Web", "YYSF.QJL.Web\YYSF.QJL.Web.csproj", "{2E2F5ABF-084F-46CE-BECF-B30611D99A7F}"
EndProject
Project("{FAE04EC0-301F-11D3-BF4B-00C04F79EFBC}") = "YYSF.QJL.Service", "YYSF.QJL.Service\YYSF.QJL.Service.csproj", "{4074ABCD-E979-45C6-8A74-AC906CD177C7}"
EndProject
Project("{FAE04EC0-301F-11D3-BF4B-00C04F79EFBC}") = "YYSF.QJL.Models", "YYSF.QJL.Models\YYSF.QJL.Models.csproj", "{2745730B-2249-459D-95AC-8004E6FC94FC}"
EndProject
Project("{FAE04EC0-301F-11D3-BF4B-00C04F79EFBC}") = "YYSF.QJL.Utils", "YYSF.QJL.Utils\YYSF.QJL.Utils.csproj", "{6C85CF05-971A-4C36-B163-0B1A5EB0D959}"
EndProject
Project("{FAE04EC0-301F-11D3-BF4B-00C04F79EFBC}") = "YYSF.QJL.DAL", "YYSF.QJL.DAL\YYSF.QJL.DAL.csproj", "{78D71E09-BC8D-476D-9306-5FAE8D308F44}"
EndProject
Project("{FAE04EC0-301F-11D3-BF4B-00C04F79EFBC}") = "YYSF.QJL.API", "YYSF.QJL.API\YYSF.QJL.API.csproj", "{F45EEF8F-6217-437F-96F4-40C452161061}"
EndProject
Project("{FAE04EC0-301F-11D3-BF4B-00C04F79EFBC}") = "YYSF.QJL.CoreAPI", "YYSF.QJL.CoreAPI\YYSF.QJL.CoreAPI.csproj", "{B2F0874D-13E0-4B93-85F8-7B64CF22AED2}"
EndProject
Global
	GlobalSection(SolutionConfigurationPlatforms) = preSolution
		Debug|Any CPU = Debug|Any CPU
		Release|Any CPU = Release|Any CPU
	EndGlobalSection
	GlobalSection(ProjectConfigurationPlatforms) = postSolution
		{2E2F5ABF-084F-46CE-BECF-B30611D99A7F}.Debug|Any CPU.ActiveCfg = Debug|Any CPU
		{2E2F5ABF-084F-46CE-BECF-B30611D99A7F}.Debug|Any CPU.Build.0 = Debug|Any CPU
		{2E2F5ABF-084F-46CE-BECF-B30611D99A7F}.Release|Any CPU.ActiveCfg = Release|Any CPU
		{2E2F5ABF-084F-46CE-BECF-B30611D99A7F}.Release|Any CPU.Build.0 = Release|Any CPU
		{4074ABCD-E979-45C6-8A74-AC906CD177C7}.Debug|Any CPU.ActiveCfg = Debug|Any CPU
		{4074ABCD-E979-45C6-8A74-AC906CD177C7}.Debug|Any CPU.Build.0 = Debug|Any CPU
		{4074ABCD-E979-45C6-8A74-AC906CD177C7}.Release|Any CPU.ActiveCfg = Release|Any CPU
		{4074ABCD-E979-45C6-8A74-AC906CD177C7}.Release|Any CPU.Build.0 = Release|Any CPU
		{2745730B-2249-459D-95AC-8004E6FC94FC}.Debug|Any CPU.ActiveCfg = Debug|Any CPU
		{2745730B-2249-459D-95AC-8004E6FC94FC}.Debug|Any CPU.Build.0 = Debug|Any CPU
		{2745730B-2249-459D-95AC-8004E6FC94FC}.Release|Any CPU.ActiveCfg = Release|Any CPU
		{2745730B-2249-459D-95AC-8004E6FC94FC}.Release|Any CPU.Build.0 = Release|Any CPU
		{6C85CF05-971A-4C36-B163-0B1A5EB0D959}.Debug|Any CPU.ActiveCfg = Debug|Any CPU
		{6C85CF05-971A-4C36-B163-0B1A5EB0D959}.Debug|Any CPU.Build.0 = Debug|Any CPU
		{6C85CF05-971A-4C36-B163-0B1A5EB0D959}.Release|Any CPU.ActiveCfg = Release|Any CPU
		{6C85CF05-971A-4C36-B163-0B1A5EB0D959}.Release|Any CPU.Build.0 = Release|Any CPU
		{78D71E09-BC8D-476D-9306-5FAE8D308F44}.Debug|Any CPU.ActiveCfg = Debug|Any CPU
		{78D71E09-BC8D-476D-9306-5FAE8D308F44}.Debug|Any CPU.Build.0 = Debug|Any CPU
		{78D71E09-BC8D-476D-9306-5FAE8D308F44}.Release|Any CPU.ActiveCfg = Release|Any CPU
		{78D71E09-BC8D-476D-9306-5FAE8D308F44}.Release|Any CPU.Build.0 = Release|Any CPU
		{F45EEF8F-6217-437F-96F4-40C452161061}.Debug|Any CPU.ActiveCfg = Debug|Any CPU
		{F45EEF8F-6217-437F-96F4-40C452161061}.Debug|Any CPU.Build.0 = Debug|Any CPU
		{F45EEF8F-6217-437F-96F4-40C452161061}.Release|Any CPU.ActiveCfg = Release|Any CPU
		{F45EEF8F-6217-437F-96F4-40C452161061}.Release|Any CPU.Build.0 = Release|Any CPU
		{B2F0874D-13E0-4B93-85F8-7B64CF22AED2}.Debug|Any CPU.ActiveCfg = Debug|Any CPU
		{B2F0874D-13E0-4B93-85F8-7B64CF22AED2}.Debug|Any CPU.Build.0 = Debug|Any CPU
		{B2F0874D-13E0-4B93-85F8-7B64CF22AED2}.Release|Any CPU.ActiveCfg = Release|Any CPU
		{B2F0874D-13E0-4B93-85F8-7B64CF22AED2}.Release|Any CPU.Build.0 = Release|Any CPU
	EndGlobalSection
	GlobalSection(SolutionProperties) = preSolution
		HideSolutionNode = FALSE
	EndGlobalSection
	GlobalSection(ExtensibilityGlobals) = postSolution
		SolutionGuid = {DCB4D87F-A90B-471B-A8F8-11EAF999CBD3}
	EndGlobalSection
EndGlobal
